{
  "requires": true,
  "lockfileVersion": 1,
  "dependencies": {
    "smooth-parallax": {
      "version": "1.1.2",
      "resolved": "https://registry.npmjs.org/smooth-parallax/-/smooth-parallax-1.1.2.tgz",
      "integrity": "sha512-SNaSmLvkrbALv+4R2fNrv8Su68O7gveLUbvWf3JxUOk4uHsC8KWpHjaEZbb6j2xlx6Vy/7eyDqaMdu0C343D4A=="
    }
  }
}
